// !$*UTF8*$!
{
	archiveVersion = 1;
	classes = {
	};
	objectVersion = 77;
	objects = {

/* Begin PBXBuildFile section */
		0DB92F722E4BB1F9008481F2 /* WatchConnectivity.framework in Frameworks */ = {isa = PBXBuildFile; fileRef = 0DB92F712E4BB1F9008481F2 /* WatchConnectivity.framework */; };
		0DB92F742E4BB205008481F2 /* WatchConnectivity.framework in Frameworks */ = {isa = PBXBuildFile; fileRef = 0DB92F732E4BB205008481F2 /* WatchConnectivity.framework */; };
		0DBEF8172E081CC6009A33F8 /* CloudNineWatch Watch App.app in Embed Watch Content */ = {isa = PBXBuildFile; fileRef = 0DBEF80D2E081CC3009A33F8 /* CloudNineWatch Watch App.app */; settings = {ATTRIBUTES = (RemoveHeadersOnCopy, ); }; };
		BDD297632E76D96B001DFF35 /* FirebaseCore in Frameworks */ = {isa = PBXBuildFile; productRef = BDD297622E76D96B001DFF35 /* FirebaseCore */; };
		BDD297652E76D982001DFF35 /* FirebaseAuth in Frameworks */ = {isa = PBXBuildFile; productRef = BDD297642E76D982001DFF35 /* FirebaseAuth */; };
		BDD297672E76D989001DFF35 /* FirebaseFirestore in Frameworks */ = {isa = PBXBuildFile; productRef = BDD297662E76D989001DFF35 /* FirebaseFirestore */; };
		BDD297692E76D991001DFF35 /* FirebaseAnalytics in Frameworks */ = {isa = PBXBuildFile; productRef = BDD297682E76D991001DFF35 /* FirebaseAnalytics */; };
/* End PBXBuildFile section */

/* Begin PBXContainerItemProxy section */
		0DBEF8152E081CC6009A33F8 /* PBXContainerItemProxy */ = {
			isa = PBXContainerItemProxy;
			containerPortal = 0DBEF7B92E06CF6C009A33F8 /* Project object */;
			proxyType = 1;
			remoteGlobalIDString = 0DBEF80C2E081CC3009A33F8;
			remoteInfo = "CloudNineWatch Watch App";
		};
/* End PBXContainerItemProxy section */

/* Begin PBXCopyFilesBuildPhase section */
		0DBEF8082E081BF7009A33F8 /* Embed Watch Content */ = {
			isa = PBXCopyFilesBuildPhase;
			buildActionMask = 2147483647;
			dstPath = "$(CONTENTS_FOLDER_PATH)/Watch";
			dstSubfolderSpec = 16;
			files = (
				0DBEF8172E081CC6009A33F8 /* CloudNineWatch Watch App.app in Embed Watch Content */,
			);
			name = "Embed Watch Content";
			runOnlyForDeploymentPostprocessing = 0;
		};
/* End PBXCopyFilesBuildPhase section */

/* Begin PBXFileReference section */
		0DB92F712E4BB1F9008481F2 /* WatchConnectivity.framework */ = {isa = PBXFileReference; lastKnownFileType = wrapper.framework; name = WatchConnectivity.framework; path = System/Library/Frameworks/WatchConnectivity.framework; sourceTree = SDKROOT; };
		0DB92F732E4BB205008481F2 /* WatchConnectivity.framework */ = {isa = PBXFileReference; lastKnownFileType = wrapper.framework; name = WatchConnectivity.framework; path = Platforms/WatchOS.platform/Developer/SDKs/WatchOS11.4.sdk/System/Library/Frameworks/WatchConnectivity.framework; sourceTree = DEVELOPER_DIR; };
		0DBEF7C12E06CF6C009A33F8 /* CloudNine.app */ = {isa = PBXFileReference; explicitFileType = wrapper.application; includeInIndex = 0; path = CloudNine.app; sourceTree = BUILT_PRODUCTS_DIR; };
		0DBEF80D2E081CC3009A33F8 /* CloudNineWatch Watch App.app */ = {isa = PBXFileReference; explicitFileType = wrapper.application; includeInIndex = 0; path = "CloudNineWatch Watch App.app"; sourceTree = BUILT_PRODUCTS_DIR; };
/* End PBXFileReference section */

/* Begin PBXFileSystemSynchronizedBuildFileExceptionSet section */
		0DB92F6D2E4BB11A008481F2 /* Exceptions for "CloudNine" folder in "CloudNineWatch Watch App" target */ = {
			isa = PBXFileSystemSynchronizedBuildFileExceptionSet;
			membershipExceptions = (
				Models/HeartRateData.swift,
				Models/SleepChartData.swift,
				Models/SleepData.swift,
				Models/UserInfo.swift,
			);
			target = 0DBEF80C2E081CC3009A33F8 /* CloudNineWatch Watch App */;
		};
		BDBE58EB2E83307200A2808F /* Exceptions for "CloudNine" folder in "CloudNine" target */ = {
			isa = PBXFileSystemSynchronizedBuildFileExceptionSet;
			membershipExceptions = (
				Info.plist,
			);
			target = 0DBEF7C02E06CF6C009A33F8 /* CloudNine */;
		};
/* End PBXFileSystemSynchronizedBuildFileExceptionSet section */

/* Begin PBXFileSystemSynchronizedRootGroup section */
		0DBEF7C32E06CF6C009A33F8 /* CloudNine */ = {
			isa = PBXFileSystemSynchronizedRootGroup;
			exceptions = (
				BDBE58EB2E83307200A2808F /* Exceptions for "CloudNine" folder in "CloudNine" target */,
				0DB92F6D2E4BB11A008481F2 /* Exceptions for "CloudNine" folder in "CloudNineWatch Watch App" target */,
			);
			path = CloudNine;
			sourceTree = "<group>";
		};
		0DBEF80E2E081CC3009A33F8 /* CloudNineWatch Watch App */ = {
			isa = PBXFileSystemSynchronizedRootGroup;
			path = "CloudNineWatch Watch App";
			sourceTree = "<group>";
		};
/* End PBXFileSystemSynchronizedRootGroup section */

/* Begin PBXFrameworksBuildPhase section */
		0DBEF7BE2E06CF6C009A33F8 /* Frameworks */ = {
			isa = PBXFrameworksBuildPhase;
			buildActionMask = 2147483647;
			files = (
				BDD297632E76D96B001DFF35 /* FirebaseCore in Frameworks */,
				BDD297672E76D989001DFF35 /* FirebaseFirestore in Frameworks */,
				BDD297652E76D982001DFF35 /* FirebaseAuth in Frameworks */,
				BDD297692E76D991001DFF35 /* FirebaseAnalytics in Frameworks */,
				0DB92F722E4BB1F9008481F2 /* WatchConnectivity.framework in Frameworks */,
			);
			runOnlyForDeploymentPostprocessing = 0;
		};
		0DBEF80A2E081CC3009A33F8 /* Frameworks */ = {
			isa = PBXFrameworksBuildPhase;
			buildActionMask = 2147483647;
			files = (
				0DB92F742E4BB205008481F2 /* WatchConnectivity.framework in Frameworks */,
			);
			runOnlyForDeploymentPostprocessing = 0;
		};
/* End PBXFrameworksBuildPhase section */

/* Begin PBXGroup section */
		0DB92F702E4BB1F9008481F2 /* Frameworks */ = {
			isa = PBXGroup;
			children = (
				0DB92F732E4BB205008481F2 /* WatchConnectivity.framework */,
				0DB92F712E4BB1F9008481F2 /* WatchConnectivity.framework */,
			);
			name = Frameworks;
			sourceTree = "<group>";
		};
		0DBEF7B82E06CF6C009A33F8 = {
			isa = PBXGroup;
			children = (
				0DBEF7C32E06CF6C009A33F8 /* CloudNine */,
				0DBEF80E2E081CC3009A33F8 /* CloudNineWatch Watch App */,
				0DB92F702E4BB1F9008481F2 /* Frameworks */,
				0DBEF7C22E06CF6C009A33F8 /* Products */,
			);
			sourceTree = "<group>";
		};
		0DBEF7C22E06CF6C009A33F8 /* Products */ = {
			isa = PBXGroup;
			children = (
				0DBEF7C12E06CF6C009A33F8 /* CloudNine.app */,
				0DBEF80D2E081CC3009A33F8 /* CloudNineWatch Watch App.app */,
			);
			name = Products;
			sourceTree = "<group>";
		};
/* End PBXGroup section */

/* Begin PBXNativeTarget section */
		0DBEF7C02E06CF6C009A33F8 /* CloudNine */ = {
			isa = PBXNativeTarget;
			buildConfigurationList = 0DBEF7CE2E06CF6E009A33F8 /* Build configuration list for PBXNativeTarget "CloudNine" */;
			buildPhases = (
				0DBEF7BD2E06CF6C009A33F8 /* Sources */,
				0DBEF7BE2E06CF6C009A33F8 /* Frameworks */,
				0DBEF7BF2E06CF6C009A33F8 /* Resources */,
				0DBEF8082E081BF7009A33F8 /* Embed Watch Content */,
			);
			buildRules = (
			);
			dependencies = (
				0DBEF8162E081CC6009A33F8 /* PBXTargetDependency */,
			);
			fileSystemSynchronizedGroups = (
				0DBEF7C32E06CF6C009A33F8 /* CloudNine */,
			);
			name = CloudNine;
			packageProductDependencies = (
				BDD297622E76D96B001DFF35 /* FirebaseCore */,
				BDD297642E76D982001DFF35 /* FirebaseAuth */,
				BDD297662E76D989001DFF35 /* FirebaseFirestore */,
				BDD297682E76D991001DFF35 /* FirebaseAnalytics */,
			);
			productName = CloudNine;
			productReference = 0DBEF7C12E06CF6C009A33F8 /* CloudNine.app */;
			productType = "com.apple.product-type.application";
		};
		0DBEF80C2E081CC3009A33F8 /* CloudNineWatch Watch App */ = {
			isa = PBXNativeTarget;
			buildConfigurationList = 0DBEF8182E081CC6009A33F8 /* Build configuration list for PBXNativeTarget "CloudNineWatch Watch App" */;
			buildPhases = (
				0DBEF8092E081CC3009A33F8 /* Sources */,
				0DBEF80A2E081CC3009A33F8 /* Frameworks */,
				0DBEF80B2E081CC3009A33F8 /* Resources */,
			);
			buildRules = (
			);
			dependencies = (
			);
			fileSystemSynchronizedGroups = (
				0DBEF80E2E081CC3009A33F8 /* CloudNineWatch Watch App */,
			);
			name = "CloudNineWatch Watch App";
			packageProductDependencies = (
			);
			productName = "CloudNineWatch Watch App";
			productReference = 0DBEF80D2E081CC3009A33F8 /* CloudNineWatch Watch App.app */;
			productType = "com.apple.product-type.application";
		};
/* End PBXNativeTarget section */

/* Begin PBXProject section */
		0DBEF7B92E06CF6C009A33F8 /* Project object */ = {
			isa = PBXProject;
			attributes = {
				BuildIndependentTargetsInParallel = 1;
				LastSwiftUpdateCheck = 1630;
				LastUpgradeCheck = 1630;
				TargetAttributes = {
					0DBEF7C02E06CF6C009A33F8 = {
						CreatedOnToolsVersion = 16.3;
					};
					0DBEF80C2E081CC3009A33F8 = {
						CreatedOnToolsVersion = 16.3;
					};
				};
			};
			buildConfigurationList = 0DBEF7BC2E06CF6C009A33F8 /* Build configuration list for PBXProject "CloudNine" */;
			developmentRegion = en;
			hasScannedForEncodings = 0;
			knownRegions = (
				en,
				Base,
			);
			mainGroup = 0DBEF7B82E06CF6C009A33F8;
			minimizedProjectReferenceProxies = 1;
			packageReferences = (
				BDD2967D2E758450001DFF35 /* XCRemoteSwiftPackageReference "firebase-ios-sdk" */,
			);
			preferredProjectObjectVersion = 77;
			productRefGroup = 0DBEF7C22E06CF6C009A33F8 /* Products */;
			projectDirPath = "";
			projectRoot = "";
			targets = (
				0DBEF7C02E06CF6C009A33F8 /* CloudNine */,
				0DBEF80C2E081CC3009A33F8 /* CloudNineWatch Watch App */,
			);
		};
/* End PBXProject section */

/* Begin PBXResourcesBuildPhase section */
		0DBEF7BF2E06CF6C009A33F8 /* Resources */ = {
			isa = PBXResourcesBuildPhase;
			buildActionMask = 2147483647;
			files = (
			);
			runOnlyForDeploymentPostprocessing = 0;
		};
		0DBEF80B2E081CC3009A33F8 /* Resources */ = {
			isa = PBXResourcesBuildPhase;
			buildActionMask = 2147483647;
			files = (
			);
			runOnlyForDeploymentPostprocessing = 0;
		};
/* End PBXResourcesBuildPhase section */

/* Begin PBXSourcesBuildPhase section */
		0DBEF7BD2E06CF6C009A33F8 /* Sources */ = {
			isa = PBXSourcesBuildPhase;
			buildActionMask = 2147483647;
			files = (
			);
			runOnlyForDeploymentPostprocessing = 0;
		};
		0DBEF8092E081CC3009A33F8 /* Sources */ = {
			isa = PBXSourcesBuildPhase;
			buildActionMask = 2147483647;
			files = (
			);
			runOnlyForDeploymentPostprocessing = 0;
		};
/* End PBXSourcesBuildPhase section */

/* Begin PBXTargetDependency section */
		0DBEF8162E081CC6009A33F8 /* PBXTargetDependency */ = {
			isa = PBXTargetDependency;
			target = 0DBEF80C2E081CC3009A33F8 /* CloudNineWatch Watch App */;
			targetProxy = 0DBEF8152E081CC6009A33F8 /* PBXContainerItemProxy */;
		};
/* End PBXTargetDependency section */

/* Begin XCBuildConfiguration section */
		0DBEF7CC2E06CF6E009A33F8 /* Debug */ = {
			isa = XCBuildConfiguration;
			buildSettings = {
				ALWAYS_SEARCH_USER_PATHS = NO;
				ASSETCATALOG_COMPILER_GENERATE_SWIFT_ASSET_SYMBOL_EXTENSIONS = YES;
				CLANG_ANALYZER_NONNULL = YES;
				CLANG_ANALYZER_NUMBER_OBJECT_CONVERSION = YES_AGGRESSIVE;
				CLANG_CXX_LANGUAGE_STANDARD = "gnu++20";
				CLANG_ENABLE_MODULES = YES;
				CLANG_ENABLE_OBJC_ARC = YES;
				CLANG_ENABLE_OBJC_WEAK = YES;
				CLANG_WARN_BLOCK_CAPTURE_AUTORELEASING = YES;
				CLANG_WARN_BOOL_CONVERSION = YES;
				CLANG_WARN_COMMA = YES;
				CLANG_WARN_CONSTANT_CONVERSION = YES;
				CLANG_WARN_DEPRECATED_OBJC_IMPLEMENTATIONS = YES;
				CLANG_WARN_DIRECT_OBJC_ISA_USAGE = YES_ERROR;
				CLANG_WARN_DOCUMENTATION_COMMENTS = YES;
				CLANG_WARN_EMPTY_BODY = YES;
				CLANG_WARN_ENUM_CONVERSION = YES;
				CLANG_WARN_INFINITE_RECURSION = YES;
				CLANG_WARN_INT_CONVERSION = YES;
				CLANG_WARN_NON_LITERAL_NULL_CONVERSION = YES;
				CLANG_WARN_OBJC_IMPLICIT_RETAIN_SELF = YES;
				CLANG_WARN_OBJC_LITERAL_CONVERSION = YES;
				CLANG_WARN_OBJC_ROOT_CLASS = YES_ERROR;
				CLANG_WARN_QUOTED_INCLUDE_IN_FRAMEWORK_HEADER = YES;
				CLANG_WARN_RANGE_LOOP_ANALYSIS = YES;
				CLANG_WARN_STRICT_PROTOTYPES = YES;
				CLANG_WARN_SUSPICIOUS_MOVE = YES;
				CLANG_WARN_UNGUARDED_AVAILABILITY = YES_AGGRESSIVE;
				CLANG_WARN_UNREACHABLE_CODE = YES;
				CLANG_WARN__DUPLICATE_METHOD_MATCH = YES;
				COPY_PHASE_STRIP = NO;
				DEBUG_INFORMATION_FORMAT = dwarf;
				DEVELOPMENT_TEAM = 827YQ2VQ9C;
				ENABLE_STRICT_OBJC_MSGSEND = YES;
				ENABLE_TESTABILITY = YES;
				ENABLE_USER_SCRIPT_SANDBOXING = YES;
				GCC_C_LANGUAGE_STANDARD = gnu17;
				GCC_DYNAMIC_NO_PIC = NO;
				GCC_NO_COMMON_BLOCKS = YES;
				GCC_OPTIMIZATION_LEVEL = 0;
				GCC_PREPROCESSOR_DEFINITIONS = (
					"DEBUG=1",
					"$(inherited)",
				);
				GCC_WARN_64_TO_32_BIT_CONVERSION = YES;
				GCC_WARN_ABOUT_RETURN_TYPE = YES_ERROR;
				GCC_WARN_UNDECLARED_SELECTOR = YES;
				GCC_WARN_UNINITIALIZED_AUTOS = YES_AGGRESSIVE;
				GCC_WARN_UNUSED_FUNCTION = YES;
				GCC_WARN_UNUSED_VARIABLE = YES;
				INFOPLIST_KEY_UILaunchStoryboardName = "Launch Screen";
				IPHONEOS_DEPLOYMENT_TARGET = 18.4;
				LOCALIZATION_PREFERS_STRING_CATALOGS = YES;
				MTL_ENABLE_DEBUG_INFO = INCLUDE_SOURCE;
				MTL_FAST_MATH = YES;
				ONLY_ACTIVE_ARCH = YES;
				SDKROOT = iphoneos;
				SWIFT_ACTIVE_COMPILATION_CONDITIONS = "DEBUG $(inherited)";
				SWIFT_OPTIMIZATION_LEVEL = "-Onone";
			};
			name = Debug;
		};
		0DBEF7CD2E06CF6E009A33F8 /* Release */ = {
			isa = XCBuildConfiguration;
			buildSettings = {
				ALWAYS_SEARCH_USER_PATHS = NO;
				ASSETCATALOG_COMPILER_GENERATE_SWIFT_ASSET_SYMBOL_EXTENSIONS = YES;
				CLANG_ANALYZER_NONNULL = YES;
				CLANG_ANALYZER_NUMBER_OBJECT_CONVERSION = YES_AGGRESSIVE;
				CLANG_CXX_LANGUAGE_STANDARD = "gnu++20";
				CLANG_ENABLE_MODULES = YES;
				CLANG_ENABLE_OBJC_ARC = YES;
				CLANG_ENABLE_OBJC_WEAK = YES;
				CLANG_WARN_BLOCK_CAPTURE_AUTORELEASING = YES;
				CLANG_WARN_BOOL_CONVERSION = YES;
				CLANG_WARN_COMMA = YES;
				CLANG_WARN_CONSTANT_CONVERSION = YES;
				CLANG_WARN_DEPRECATED_OBJC_IMPLEMENTATIONS = YES;
				CLANG_WARN_DIRECT_OBJC_ISA_USAGE = YES_ERROR;
				CLANG_WARN_DOCUMENTATION_COMMENTS = YES;
				CLANG_WARN_EMPTY_BODY = YES;
				CLANG_WARN_ENUM_CONVERSION = YES;
				CLANG_WARN_INFINITE_RECURSION = YES;
				CLANG_WARN_INT_CONVERSION = YES;
				CLANG_WARN_NON_LITERAL_NULL_CONVERSION = YES;
				CLANG_WARN_OBJC_IMPLICIT_RETAIN_SELF = YES;
				CLANG_WARN_OBJC_LITERAL_CONVERSION = YES;
				CLANG_WARN_OBJC_ROOT_CLASS = YES_ERROR;
				CLANG_WARN_QUOTED_INCLUDE_IN_FRAMEWORK_HEADER = YES;
				CLANG_WARN_RANGE_LOOP_ANALYSIS = YES;
				CLANG_WARN_STRICT_PROTOTYPES = YES;
				CLANG_WARN_SUSPICIOUS_MOVE = YES;
				CLANG_WARN_UNGUARDED_AVAILABILITY = YES_AGGRESSIVE;
				CLANG_WARN_UNREACHABLE_CODE = YES;
				CLANG_WARN__DUPLICATE_METHOD_MATCH = YES;
				COPY_PHASE_STRIP = NO;
				DEBUG_INFORMATION_FORMAT = "dwarf-with-dsym";
				DEVELOPMENT_TEAM = 827YQ2VQ9C;
				ENABLE_NS_ASSERTIONS = NO;
				ENABLE_STRICT_OBJC_MSGSEND = YES;
				ENABLE_USER_SCRIPT_SANDBOXING = YES;
				GCC_C_LANGUAGE_STANDARD = gnu17;
				GCC_NO_COMMON_BLOCKS = YES;
				GCC_WARN_64_TO_32_BIT_CONVERSION = YES;
				GCC_WARN_ABOUT_RETURN_TYPE = YES_ERROR;
				GCC_WARN_UNDECLARED_SELECTOR = YES;
				GCC_WARN_UNINITIALIZED_AUTOS = YES_AGGRESSIVE;
				GCC_WARN_UNUSED_FUNCTION = YES;
				GCC_WARN_UNUSED_VARIABLE = YES;
				INFOPLIST_KEY_UILaunchStoryboardName = "Launch Screen";
				IPHONEOS_DEPLOYMENT_TARGET = 18.4;
				LOCALIZATION_PREFERS_STRING_CATALOGS = YES;
				MTL_ENABLE_DEBUG_INFO = NO;
				MTL_FAST_MATH = YES;
				SDKROOT = iphoneos;
				SWIFT_COMPILATION_MODE = wholemodule;
				VALIDATE_PRODUCT = YES;
			};
			name = Release;
		};
		0DBEF7CF2E06CF6E009A33F8 /* Debug */ = {
			isa = XCBuildConfiguration;
			buildSettings = {
				ASSETCATALOG_COMPILER_APPICON_NAME = AppIcon;
				ASSETCATALOG_COMPILER_GLOBAL_ACCENT_COLOR_NAME = AccentColor;
				CODE_SIGN_ENTITLEMENTS = CloudNine/CloudNine.entitlements;
				CODE_SIGN_STYLE = Automatic;
				CURRENT_PROJECT_VERSION = 1;
				DEVELOPMENT_TEAM = 827YQ2VQ9C;
				ENABLE_PREVIEWS = YES;
				GENERATE_INFOPLIST_FILE = YES;
				INFOPLIST_FILE = CloudNine/Info.plist;
				INFOPLIST_KEY_CFBundleDisplayName = Cloud9;
				INFOPLIST_KEY_NSHealthShareUsageDescription = "Your app needs access to your Heart Rate and Sleep Logs to visualize and measure stress levels.";
				INFOPLIST_KEY_NSHealthUpdateUsageDescription = "Your app needs access to your Heart Rate and Sleep Logs to visualize and measure stress levels.";
				INFOPLIST_KEY_UIApplicationSceneManifest_Generation = YES;
				INFOPLIST_KEY_UIApplicationSupportsIndirectInputEvents = YES;
				INFOPLIST_KEY_UILaunchScreen_Generation = YES;
				INFOPLIST_KEY_UISupportedInterfaceOrientations_iPad = "UIInterfaceOrientationPortrait UIInterfaceOrientationPortraitUpsideDown UIInterfaceOrientationLandscapeLeft UIInterfaceOrientationLandscapeRight";
				INFOPLIST_KEY_UISupportedInterfaceOrientations_iPhone = "UIInterfaceOrientationPortrait UIInterfaceOrientationLandscapeLeft UIInterfaceOrientationLandscapeRight";
				IPHONEOS_DEPLOYMENT_TARGET = 17.6;
				LD_RUNPATH_SEARCH_PATHS = (
					"$(inherited)",
					"@executable_path/Frameworks",
				);
				MARKETING_VERSION = 1.0;
				PRODUCT_BUNDLE_IDENTIFIER = miabosheva.com.Cloud9;
				PRODUCT_NAME = "$(TARGET_NAME)";
				SWIFT_EMIT_LOC_STRINGS = YES;
				SWIFT_VERSION = 5.0;
				TARGETED_DEVICE_FAMILY = "1,2";
			};
			name = Debug;
		};
		0DBEF7D02E06CF6E009A33F8 /* Release */ = {
			isa = XCBuildConfiguration;
			buildSettings = {
				ASSETCATALOG_COMPILER_APPICON_NAME = AppIcon;
				ASSETCATALOG_COMPILER_GLOBAL_ACCENT_COLOR_NAME = AccentColor;
				CODE_SIGN_ENTITLEMENTS = CloudNine/CloudNine.entitlements;
				CODE_SIGN_STYLE = Automatic;
				CURRENT_PROJECT_VERSION = 1;
				DEVELOPMENT_TEAM = 827YQ2VQ9C;
				ENABLE_PREVIEWS = YES;
				GENERATE_INFOPLIST_FILE = YES;
				INFOPLIST_FILE = CloudNine/Info.plist;
				INFOPLIST_KEY_CFBundleDisplayName = Cloud9;
				INFOPLIST_KEY_NSHealthShareUsageDescription = "Your app needs access to your Heart Rate and Sleep Logs to visualize and measure stress levels.";
				INFOPLIST_KEY_NSHealthUpdateUsageDescription = "Your app needs access to your Heart Rate and Sleep Logs to visualize and measure stress levels.";
				INFOPLIST_KEY_UIApplicationSceneManifest_Generation = YES;
				INFOPLIST_KEY_UIApplicationSupportsIndirectInputEvents = YES;
				INFOPLIST_KEY_UILaunchScreen_Generation = YES;
				INFOPLIST_KEY_UISupportedInterfaceOrientations_iPad = "UIInterfaceOrientationPortrait UIInterfaceOrientationPortraitUpsideDown UIInterfaceOrientationLandscapeLeft UIInterfaceOrientationLandscapeRight";
				INFOPLIST_KEY_UISupportedInterfaceOrientations_iPhone = "UIInterfaceOrientationPortrait UIInterfaceOrientationLandscapeLeft UIInterfaceOrientationLandscapeRight";
				IPHONEOS_DEPLOYMENT_TARGET = 17.6;
				LD_RUNPATH_SEARCH_PATHS = (
					"$(inherited)",
					"@executable_path/Frameworks",
				);
				MARKETING_VERSION = 1.0;
				PRODUCT_BUNDLE_IDENTIFIER = miabosheva.com.Cloud9;
				PRODUCT_NAME = "$(TARGET_NAME)";
				SWIFT_EMIT_LOC_STRINGS = YES;
				SWIFT_VERSION = 5.0;
				TARGETED_DEVICE_FAMILY = "1,2";
			};
			name = Release;
		};
		0DBEF8192E081CC6009A33F8 /* Debug */ = {
			isa = XCBuildConfiguration;
			buildSettings = {
				ASSETCATALOG_COMPILER_APPICON_NAME = AppIcon;
				ASSETCATALOG_COMPILER_GLOBAL_ACCENT_COLOR_NAME = AccentColor;
				CODE_SIGN_ENTITLEMENTS = "CloudNineWatch Watch App/CloudNineWatch Watch App.entitlements";
				CODE_SIGN_STYLE = Automatic;
				CURRENT_PROJECT_VERSION = 1;
				DEVELOPMENT_TEAM = 827YQ2VQ9C;
				ENABLE_PREVIEWS = YES;
				GENERATE_INFOPLIST_FILE = YES;
				INFOPLIST_FILE = "CloudNineWatch-Watch-App-Info.plist";
				INFOPLIST_KEY_CFBundleDisplayName = CloudNineWatch;
				INFOPLIST_KEY_NSHealthShareUsageDescription = "This app needs access to your heart rate data during workouts.";
				INFOPLIST_KEY_NSHealthUpdateUsageDescription = "This app creates workout sessions to monitor your heart rate in real-time.";
				INFOPLIST_KEY_UISupportedInterfaceOrientations = "UIInterfaceOrientationPortrait UIInterfaceOrientationPortraitUpsideDown";
				INFOPLIST_KEY_WKCompanionAppBundleIdentifier = miabosheva.com.Cloud9;
				LD_RUNPATH_SEARCH_PATHS = (
					"$(inherited)",
					"@executable_path/Frameworks",
				);
				MARKETING_VERSION = 1.0;
				PRODUCT_BUNDLE_IDENTIFIER = miabosheva.com.Cloud9.watchkitapp;
				PRODUCT_NAME = "$(TARGET_NAME)";
				SDKROOT = watchos;
				SKIP_INSTALL = YES;
				SWIFT_EMIT_LOC_STRINGS = YES;
				SWIFT_VERSION = 5.0;
				TARGETED_DEVICE_FAMILY = 4;
				WATCHOS_DEPLOYMENT_TARGET = 11.3;
			};
			name = Debug;
		};
		0DBEF81A2E081CC6009A33F8 /* Release */ = {
			isa = XCBuildConfiguration;
			buildSettings = {
				ASSETCATALOG_COMPILER_APPICON_NAME = AppIcon;
				ASSETCATALOG_COMPILER_GLOBAL_ACCENT_COLOR_NAME = AccentColor;
				CODE_SIGN_ENTITLEMENTS = "CloudNineWatch Watch App/CloudNineWatch Watch App.entitlements";
				CODE_SIGN_STYLE = Automatic;
				CURRENT_PROJECT_VERSION = 1;
				DEVELOPMENT_TEAM = 827YQ2VQ9C;
				ENABLE_PREVIEWS = YES;
				GENERATE_INFOPLIST_FILE = YES;
				INFOPLIST_FILE = "CloudNineWatch-Watch-App-Info.plist";
				INFOPLIST_KEY_CFBundleDisplayName = CloudNineWatch;
				INFOPLIST_KEY_NSHealthShareUsageDescription = "This app needs access to your heart rate data during workouts.";
				INFOPLIST_KEY_NSHealthUpdateUsageDescription = "This app creates workout sessions to monitor your heart rate in real-time.";
				INFOPLIST_KEY_UISupportedInterfaceOrientations = "UIInterfaceOrientationPortrait UIInterfaceOrientationPortraitUpsideDown";
				INFOPLIST_KEY_WKCompanionAppBundleIdentifier = miabosheva.com.Cloud9;
				LD_RUNPATH_SEARCH_PATHS = (
					"$(inherited)",
					"@executable_path/Frameworks",
				);
				MARKETING_VERSION = 1.0;
				PRODUCT_BUNDLE_IDENTIFIER = miabosheva.com.Cloud9.watchkitapp;
				PRODUCT_NAME = "$(TARGET_NAME)";
				SDKROOT = watchos;
				SKIP_INSTALL = YES;
				SWIFT_EMIT_LOC_STRINGS = YES;
				SWIFT_VERSION = 5.0;
				TARGETED_DEVICE_FAMILY = 4;
				WATCHOS_DEPLOYMENT_TARGET = 11.3;
			};
			name = Release;
		};
/* End XCBuildConfiguration section */

/* Begin XCConfigurationList section */
		0DBEF7BC2E06CF6C009A33F8 /* Build configuration list for PBXProject "CloudNine" */ = {
			isa = XCConfigurationList;
			buildConfigurations = (
				0DBEF7CC2E06CF6E009A33F8 /* Debug */,
				0DBEF7CD2E06CF6E009A33F8 /* Release */,
			);
			defaultConfigurationIsVisible = 0;
			defaultConfigurationName = Release;
		};
		0DBEF7CE2E06CF6E009A33F8 /* Build configuration list for PBXNativeTarget "CloudNine" */ = {
			isa = XCConfigurationList;
			buildConfigurations = (
				0DBEF7CF2E06CF6E009A33F8 /* Debug */,
				0DBEF7D02E06CF6E009A33F8 /* Release */,
			);
			defaultConfigurationIsVisible = 0;
			defaultConfigurationName = Release;
		};
		0DBEF8182E081CC6009A33F8 /* Build configuration list for PBXNativeTarget "CloudNineWatch Watch App" */ = {
			isa = XCConfigurationList;
			buildConfigurations = (
				0DBEF8192E081CC6009A33F8 /* Debug */,
				0DBEF81A2E081CC6009A33F8 /* Release */,
			);
			defaultConfigurationIsVisible = 0;
			defaultConfigurationName = Release;
		};
/* End XCConfigurationList section */

/* Begin XCRemoteSwiftPackageReference section */
		BDD2967D2E758450001DFF35 /* XCRemoteSwiftPackageReference "firebase-ios-sdk" */ = {
			isa = XCRemoteSwiftPackageReference;
			repositoryURL = "https://github.com/firebase/firebase-ios-sdk.git";
			requirement = {
				kind = upToNextMajorVersion;
				minimumVersion = 12.2.0;
			};
		};
/* End XCRemoteSwiftPackageReference section */

/* Begin XCSwiftPackageProductDependency section */
		BDD297622E76D96B001DFF35 /* FirebaseCore */ = {
			isa = XCSwiftPackageProductDependency;
			package = BDD2967D2E758450001DFF35 /* XCRemoteSwiftPackageReference "firebase-ios-sdk" */;
			productName = FirebaseCore;
		};
		BDD297642E76D982001DFF35 /* FirebaseAuth */ = {
			isa = XCSwiftPackageProductDependency;
			package = BDD2967D2E758450001DFF35 /* XCRemoteSwiftPackageReference "firebase-ios-sdk" */;
			productName = FirebaseAuth;
		};
		BDD297662E76D989001DFF35 /* FirebaseFirestore */ = {
			isa = XCSwiftPackageProductDependency;
			package = BDD2967D2E758450001DFF35 /* XCRemoteSwiftPackageReference "firebase-ios-sdk" */;
			productName = FirebaseFirestore;
		};
		BDD297682E76D991001DFF35 /* FirebaseAnalytics */ = {
			isa = XCSwiftPackageProductDependency;
			package = BDD2967D2E758450001DFF35 /* XCRemoteSwiftPackageReference "firebase-ios-sdk" */;
			productName = FirebaseAnalytics;
		};
/* End XCSwiftPackageProductDependency section */
	};
	rootObject = 0DBEF7B92E06CF6C009A33F8 /* Project object */;
}
